{
  "name": "tiptap-extensions",
  "version": "1.28.4",
  "lockfileVersion": 1,
  "requires": true,
  "dependencies": {
    "fault": {
      "version": "1.0.3",
      "resolved": "https://registry.npmjs.org/fault/-/fault-1.0.3.tgz",
      "integrity": "sha512-sfFuP4X0hzrbGKjAUNXYvNqsZ5F6ohx/dZ9I0KQud/aiZNwg263r5L9yGB0clvXHCkzXh5W3t7RSHchggYIFmA==",
      "requires": {
        "format": "^0.2.2"
      }
    },
    "format": {
      "version": "0.2.2",
      "resolved": "https://registry.npmjs.org/format/-/format-0.2.2.tgz",
      "integrity": "sha1-1hcBB+nv3E7TDJ3DkBbflCtctYs="
    },
    "highlight.js": {
      "version": "9.16.2",
      "resolved": "https://registry.npmjs.org/highlight.js/-/highlight.js-9.16.2.tgz",
      "integrity": "sha512-feMUrVLZvjy0oC7FVJQcSQRqbBq9kwqnYE4+Kj9ZjbHh3g+BisiPgF49NyQbVLNdrL/qqZr3Ca9yOKwgn2i/tw=="
    },
    "lowlight": {
      "version": "1.13.0",
      "resolved": "https://registry.npmjs.org/lowlight/-/lowlight-1.13.0.tgz",
      "integrity": "sha512-bFXLa+UO1eM3zieFAcNqf6rTQ1D5ERFv64/euQbbH/LT3U9XXwH6tOrgUAGWDsQ1QgN3ZhgOcv8p3/S+qKGdTQ==",
      "requires": {
        "fault": "^1.0.2",
        "highlight.js": "~9.16.0"
      }
    },
    "orderedmap": {
      "version": "1.1.0",
      "resolved": "https://registry.npmjs.org/orderedmap/-/orderedmap-1.1.0.tgz",
      "integrity": "sha512-abUlPCcmyI/17BWWoUWeAbnniTFUZuczP6iowD9XMBcUoD9jRtUO6w+KXkw64TDk+iHdyDfTAjIH7mTRzhXcaw=="
    },
    "prosemirror-collab": {
      "version": "1.2.2",
      "resolved": "https://registry.npmjs.org/prosemirror-collab/-/prosemirror-collab-1.2.2.tgz",
      "integrity": "sha512-tBnHKMLgy5Qmx9MYVcLfs3pAyjtcqYYDd9kp3y+LSiQzkhMQDfZSV3NXWe4Gsly32adSef173BvObwfoSQL5MA==",
      "requires": {
        "prosemirror-state": "^1.0.0"
      }
    },
    "prosemirror-commands": {
      "version": "1.1.2",
      "resolved": "https://registry.npmjs.org/prosemirror-commands/-/prosemirror-commands-1.1.2.tgz",
      "integrity": "sha512-JBa06kjgX67d9JVUVJbCkxwvSGtQnWAN/85nq9csOMS5Z9WZLEvVDtVvZranNlu8l/XNVBWrZxOOK+pB03eTfA==",
      "requires": {
        "prosemirror-model": "^1.0.0",
        "prosemirror-state": "^1.0.0",
        "prosemirror-transform": "^1.0.0"
      }
    },
    "prosemirror-dropcursor": {
      "version": "1.3.2",
      "resolved": "https://registry.npmjs.org/prosemirror-dropcursor/-/prosemirror-dropcursor-1.3.2.tgz",
      "integrity": "sha512-4c94OUGyobGnwcQI70OXyMhE/9T4aTgjU+CHxkd5c7D+jH/J0mKM/lk+jneFVKt7+E4/M0D9HzRPifu8U28Thw==",
      "requires": {
        "prosemirror-state": "^1.0.0",
        "prosemirror-transform": "^1.1.0",
        "prosemirror-view": "^1.1.0"
      }
    },
    "prosemirror-gapcursor": {
      "version": "1.1.2",
      "resolved": "https://registry.npmjs.org/prosemirror-gapcursor/-/prosemirror-gapcursor-1.1.2.tgz",
      "integrity": "sha512-Z+eqk6RysZVxidGWN5aWoSTbn5bTHf1XZ+nQJVwUSdwdBVkfQMFdTHgfrXA8W5MhHHdNg/EEEYG3z3Zi/vE2QQ==",
      "requires": {
        "prosemirror-keymap": "^1.0.0",
        "prosemirror-model": "^1.0.0",
        "prosemirror-state": "^1.0.0",
        "prosemirror-view": "^1.0.0"
      }
    },
    "prosemirror-history": {
      "version": "1.1.2",
      "resolved": "https://registry.npmjs.org/prosemirror-history/-/prosemirror-history-1.1.2.tgz",
      "integrity": "sha512-erhxYS5gm/6MiXP8jUoJBgc8IbaqjHDVPl9KGg5JrMZOSSOwHv85+4Fb0Q7sYtv2fYwAjOSw/kSA9vkxJ6wOwA==",
      "requires": {
        "prosemirror-state": "^1.2.2",
        "prosemirror-transform": "^1.0.0",
        "rope-sequence": "^1.3.0"
      }
    },
    "prosemirror-inputrules": {
      "version": "1.1.2",
      "resolved": "https://registry.npmjs.org/prosemirror-inputrules/-/prosemirror-inputrules-1.1.2.tgz",
      "integrity": "sha512-Ja5Z3BWestlHYGvtSGqyvxMeB8QEuBjlHM8YnKtLGUXMDp965qdDV4goV8lJb17kIWHk7e7JNj6Catuoa3302g==",
      "requires": {
        "prosemirror-state": "^1.0.0",
        "prosemirror-transform": "^1.0.0"
      }
    },
    "prosemirror-keymap": {
      "version": "1.1.3",
      "resolved": "https://registry.npmjs.org/prosemirror-keymap/-/prosemirror-keymap-1.1.3.tgz",
      "integrity": "sha512-PRA4NzkUMzV/NFf5pyQ6tmlIHiW/qjQ1kGWUlV2rF/dvlOxtpGpTEjIMhWgLuMf+HiDEFnUEP7uhYXu+t+491g==",
      "requires": {
        "prosemirror-state": "^1.0.0",
        "w3c-keyname": "^2.2.0"
      }
    },
    "prosemirror-model": {
      "version": "1.8.2",
      "resolved": "https://registry.npmjs.org/prosemirror-model/-/prosemirror-model-1.8.2.tgz",
      "integrity": "sha512-piffokzW7opZVCjf/9YaoXvTC0g7zMRWKJib1hpphPfC+4x6ZXe5CiExgycoWZJe59VxxP7uHX8aFiwg2i9mUQ==",
      "requires": {
        "orderedmap": "^1.1.0"
      }
    },
    "prosemirror-schema-list": {
      "version": "1.1.2",
      "resolved": "https://registry.npmjs.org/prosemirror-schema-list/-/prosemirror-schema-list-1.1.2.tgz",
      "integrity": "sha512-dgM9PwtM4twa5WsgSYMB+J8bwjnR43DAD3L9MsR9rKm/nZR5Y85xcjB7gusVMSsbQ2NomMZF03RE6No6mTnclQ==",
      "requires": {
        "prosemirror-model": "^1.0.0",
        "prosemirror-transform": "^1.0.0"
      }
    },
    "prosemirror-state": {
      "version": "1.3.2",
      "resolved": "https://registry.npmjs.org/prosemirror-state/-/prosemirror-state-1.3.2.tgz",
      "integrity": "sha512-t/JqE3aR0SV9QrzFVkAXsQwsgrQBNs/BDbcFH20RssW0xauqNNdjTXxy/J/kM7F+0zYi6+BRmz7cMMQQFU3mwQ==",
      "requires": {
        "prosemirror-model": "^1.0.0",
        "prosemirror-transform": "^1.0.0"
      }
    },
    "prosemirror-tables": {
      "version": "1.0.0",
      "resolved": "https://registry.npmjs.org/prosemirror-tables/-/prosemirror-tables-1.0.0.tgz",
      "integrity": "sha512-zFw5Us4G5Vdq0yIj8GiqZOGA6ud5UKpMKElux9O0HrfmhkuGa1jf1PCpz2R5pmIQJv+tIM24H1mox/ODBAX37Q==",
      "requires": {
        "prosemirror-keymap": "^1.1.2",
        "prosemirror-model": "^1.8.1",
        "prosemirror-state": "^1.3.1",
        "prosemirror-transform": "^1.2.1",
        "prosemirror-view": "^1.13.3"
      }
    },
    "prosemirror-transform": {
      "version": "1.2.2",
      "resolved": "https://registry.npmjs.org/prosemirror-transform/-/prosemirror-transform-1.2.2.tgz",
      "integrity": "sha512-expO11jAsxaHk2RdZtzPsumc1bAAZi4UiXwTLQbftsdnIUWZE5Snyag595p1lx/B8QHUZ6tYWWOaOkzXKoJmYw==",
      "requires": {
        "prosemirror-model": "^1.0.0"
      }
    },
    "prosemirror-utils": {
      "version": "0.9.6",
      "resolved": "https://registry.npmjs.org/prosemirror-utils/-/prosemirror-utils-0.9.6.tgz",
      "integrity": "sha512-UC+j9hQQ1POYfMc5p7UFxBTptRiGPR7Kkmbl3jVvU8VgQbkI89tR/GK+3QYC8n+VvBZrtAoCrJItNhWSxX3slA=="
    },
    "prosemirror-view": {
      "version": "1.13.4",
      "resolved": "https://registry.npmjs.org/prosemirror-view/-/prosemirror-view-1.13.4.tgz",
      "integrity": "sha512-mtgWEK16uYQFk3kijRlkSpAmDuy7rxYuv0pgyEBDmLT1PCPY8380CoaYnP8znUT6BXIGlJ8oTveK3M50U+B0vw==",
      "requires": {
        "prosemirror-model": "^1.1.0",
        "prosemirror-state": "^1.0.0",
        "prosemirror-transform": "^1.1.0"
      }
    },
    "rope-sequence": {
      "version": "1.3.2",
      "resolved": "https://registry.npmjs.org/rope-sequence/-/rope-sequence-1.3.2.tgz",
      "integrity": "sha512-ku6MFrwEVSVmXLvy3dYph3LAMNS0890K7fabn+0YIRQ2T96T9F4gkFf0vf0WW0JUraNWwGRtInEpH7yO4tbQZg=="
    },
    "tiptap": {
      "version": "1.26.4",
      "resolved": "https://registry.npmjs.org/tiptap/-/tiptap-1.26.4.tgz",
      "integrity": "sha512-UCH0wufjGdKMuCUydL896sFYXEUWC3bE20h/oONABSf0gull+pqBEm7J1yCl7j50eYa9FiLgUBGPqPTzKLluxQ==",
      "requires": {
        "prosemirror-commands": "^1.0.8",
        "prosemirror-dropcursor": "^1.2.0",
        "prosemirror-gapcursor": "^1.0.4",
        "prosemirror-inputrules": "^1.0.4",
        "prosemirror-keymap": "^1.0.2",
        "prosemirror-model": "^1.7.4",
        "prosemirror-state": "^1.2.4",
        "prosemirror-view": "^1.11.7",
        "tiptap-commands": "^1.12.3",
        "tiptap-utils": "^1.8.2"
      }
    },
    "tiptap-commands": {
      "version": "1.12.3",
      "resolved": "https://registry.npmjs.org/tiptap-commands/-/tiptap-commands-1.12.3.tgz",
      "integrity": "sha512-Dck51lePBwuHmkvkJ6+8V3DbInxAhZwtS2mPvVwz74pDUIcy17tCFw1eHUN50JoXIAci7acuxPKO/weVO1JAyw==",
      "requires": {
        "prosemirror-commands": "^1.0.8",
        "prosemirror-inputrules": "^1.0.4",
        "prosemirror-model": "^1.7.4",
        "prosemirror-schema-list": "^1.0.4",
        "prosemirror-state": "^1.2.4",
        "prosemirror-tables": "^0.9.5",
        "prosemirror-utils": "^0.9.6",
        "tiptap-utils": "^1.8.2"
      },
      "dependencies": {
        "prosemirror-tables": {
          "version": "0.9.5",
          "resolved": "https://registry.npmjs.org/prosemirror-tables/-/prosemirror-tables-0.9.5.tgz",
          "integrity": "sha512-RlAF/D7OvnDCOL8B6Qt6KuBkb0w3SedTdrou7wH7Nn2ml7+M5xUalW/h1f7dMD3wjsU47/Cn8zTbEkCDIpIggw==",
          "requires": {
            "prosemirror-keymap": "^1.0.0",
            "prosemirror-model": "^1.0.0",
            "prosemirror-state": "^1.0.0",
            "prosemirror-transform": "^1.0.0",
            "prosemirror-view": "^1.0.0"
          }
        }
      }
    },
    "tiptap-utils": {
      "version": "1.8.2",
      "resolved": "https://registry.npmjs.org/tiptap-utils/-/tiptap-utils-1.8.2.tgz",
      "integrity": "sha512-pyx+3p4fICGM7JU1mcsnRx5jXvLrCL8Nm/9yjeWEZXpAC85L/btY0eFo2Oz4+dKg39+1EGNHheodujx3ngw4lQ==",
      "requires": {
        "prosemirror-model": "^1.7.4",
        "prosemirror-state": "^1.2.4",
        "prosemirror-tables": "^0.9.5",
        "prosemirror-utils": "^0.9.6"
      },
      "dependencies": {
        "prosemirror-tables": {
          "version": "0.9.5",
          "resolved": "https://registry.npmjs.org/prosemirror-tables/-/prosemirror-tables-0.9.5.tgz",
          "integrity": "sha512-RlAF/D7OvnDCOL8B6Qt6KuBkb0w3SedTdrou7wH7Nn2ml7+M5xUalW/h1f7dMD3wjsU47/Cn8zTbEkCDIpIggw==",
          "requires": {
            "prosemirror-keymap": "^1.0.0",
            "prosemirror-model": "^1.0.0",
            "prosemirror-state": "^1.0.0",
            "prosemirror-transform": "^1.0.0",
            "prosemirror-view": "^1.0.0"
          }
        }
      }
    },
    "w3c-keyname": {
      "version": "2.2.1",
      "resolved": "https://registry.npmjs.org/w3c-keyname/-/w3c-keyname-2.2.1.tgz",
      "integrity": "sha512-j5k4xGK6k8TCna/08778KUEL98WvTogiG/TN/YStl8GNeXg5tI3Dvq3+JjwJhP4l7ogs6KWo1VYEdc1Qaioy3Q=="
    }
  }
}
